// !$*UTF8*$!
{
	archiveVersion = 1;
	classes = {
	};
	objectVersion = 46;
	objects = {

/* Begin PBXBuildFile section */
		AC160EDB1B7250F4002449C8 /* FutureComposition.swift in Sources */ = {isa = PBXBuildFile; fileRef = AC160EDA1B7250F4002449C8 /* FutureComposition.swift */; };
		AC160EDF1B72516B002449C8 /* FunctionComposition.swift in Sources */ = {isa = PBXBuildFile; fileRef = AC160EDE1B72516B002449C8 /* FunctionComposition.swift */; };
		AC160EE11B7252F1002449C8 /* Operators.swift in Sources */ = {isa = PBXBuildFile; fileRef = AC160EE01B7252F1002449C8 /* Operators.swift */; };
		AC160EE31B725A6F002449C8 /* FunctionCompositionTests.swift in Sources */ = {isa = PBXBuildFile; fileRef = AC160EE21B725A6F002449C8 /* FunctionCompositionTests.swift */; };
		AC29ABF01B6FA7C300B0BCBD /* Promise.swift in Sources */ = {isa = PBXBuildFile; fileRef = AC29ABEF1B6FA7C300B0BCBD /* Promise.swift */; };
		AC29ABF21B6FA84E00B0BCBD /* Future.swift in Sources */ = {isa = PBXBuildFile; fileRef = AC29ABF11B6FA84E00B0BCBD /* Future.swift */; };
		AC29ABF41B6FAA4700B0BCBD /* ExecutionContexts.swift in Sources */ = {isa = PBXBuildFile; fileRef = AC29ABF31B6FAA4700B0BCBD /* ExecutionContexts.swift */; };
		AC35F3251C579F75006A01B2 /* CompletionHandlerTests.swift in Sources */ = {isa = PBXBuildFile; fileRef = AC35F3241C579F75006A01B2 /* CompletionHandlerTests.swift */; };
		AC474FA51B727C1300B725D7 /* PromiseTests.swift in Sources */ = {isa = PBXBuildFile; fileRef = AC474FA41B727C1300B725D7 /* PromiseTests.swift */; };
		AC4DB1B71B7285130089F837 /* AsynchronousTests.swift in Sources */ = {isa = PBXBuildFile; fileRef = AC4DB1B61B7285130089F837 /* AsynchronousTests.swift */; };
		AC7808C11B6F6DD300D048C6 /* Futuristics.h in Headers */ = {isa = PBXBuildFile; fileRef = AC7808C01B6F6DD300D048C6 /* Futuristics.h */; settings = {ATTRIBUTES = (Public, ); }; };
		AC7808C71B6F6DD300D048C6 /* Futuristics.framework in Frameworks */ = {isa = PBXBuildFile; fileRef = AC7808BB1B6F6DD300D048C6 /* Futuristics.framework */; };
		ACD6DD541B71056A0040351A /* FutureTests.swift in Sources */ = {isa = PBXBuildFile; fileRef = ACD6DD531B71056A0040351A /* FutureTests.swift */; };
		ACF1965B1C2980240028E51A /* Futuristics.h in Headers */ = {isa = PBXBuildFile; fileRef = AC7808C01B6F6DD300D048C6 /* Futuristics.h */; settings = {ATTRIBUTES = (Public, ); }; };
		ACF239D71B7225A300774A49 /* FutureCompositionTests.swift in Sources */ = {isa = PBXBuildFile; fileRef = ACF239D61B7225A300774A49 /* FutureCompositionTests.swift */; };
		ACF2DD6B1C16FDD60049243A /* Operators.swift in Sources */ = {isa = PBXBuildFile; fileRef = AC160EE01B7252F1002449C8 /* Operators.swift */; };
		ACF2DD6C1C16FDD60049243A /* FunctionComposition.swift in Sources */ = {isa = PBXBuildFile; fileRef = AC160EDE1B72516B002449C8 /* FunctionComposition.swift */; };
		ACF2DD6D1C16FDD60049243A /* Future.swift in Sources */ = {isa = PBXBuildFile; fileRef = AC29ABF11B6FA84E00B0BCBD /* Future.swift */; };
		ACF2DD6E1C16FDD60049243A /* Promise.swift in Sources */ = {isa = PBXBuildFile; fileRef = AC29ABEF1B6FA7C300B0BCBD /* Promise.swift */; };
		ACF2DD6F1C16FDD60049243A /* FutureComposition.swift in Sources */ = {isa = PBXBuildFile; fileRef = AC160EDA1B7250F4002449C8 /* FutureComposition.swift */; };
		ACF2DD701C16FDD60049243A /* ExecutionContexts.swift in Sources */ = {isa = PBXBuildFile; fileRef = AC29ABF31B6FAA4700B0BCBD /* ExecutionContexts.swift */; };
		BD05C4A41EAC7E7F0072FF38 /* XCTest+Extension.swift in Sources */ = {isa = PBXBuildFile; fileRef = BD05C4A21EAC7E4C0072FF38 /* XCTest+Extension.swift */; };
/* End PBXBuildFile section */

/* Begin PBXContainerItemProxy section */
		AC7808C81B6F6DD300D048C6 /* PBXContainerItemProxy */ = {
			isa = PBXContainerItemProxy;
			containerPortal = AC7808B21B6F6DD300D048C6 /* Project object */;
			proxyType = 1;
			remoteGlobalIDString = AC7808BA1B6F6DD300D048C6;
			remoteInfo = PromiseME;
		};
/* End PBXContainerItemProxy section */

/* Begin PBXFileReference section */
		AC160EDA1B7250F4002449C8 /* FutureComposition.swift */ = {isa = PBXFileReference; fileEncoding = 4; lastKnownFileType = sourcecode.swift; path = FutureComposition.swift; sourceTree = "<group>"; };
		AC160EDE1B72516B002449C8 /* FunctionComposition.swift */ = {isa = PBXFileReference; fileEncoding = 4; lastKnownFileType = sourcecode.swift; path = FunctionComposition.swift; sourceTree = "<group>"; };
		AC160EE01B7252F1002449C8 /* Operators.swift */ = {isa = PBXFileReference; fileEncoding = 4; lastKnownFileType = sourcecode.swift; path = Operators.swift; sourceTree = "<group>"; };
		AC160EE21B725A6F002449C8 /* FunctionCompositionTests.swift */ = {isa = PBXFileReference; fileEncoding = 4; lastKnownFileType = sourcecode.swift; path = FunctionCompositionTests.swift; sourceTree = "<group>"; };
		AC29ABEF1B6FA7C300B0BCBD /* Promise.swift */ = {isa = PBXFileReference; fileEncoding = 4; lastKnownFileType = sourcecode.swift; path = Promise.swift; sourceTree = "<group>"; };
		AC29ABF11B6FA84E00B0BCBD /* Future.swift */ = {isa = PBXFileReference; fileEncoding = 4; lastKnownFileType = sourcecode.swift; path = Future.swift; sourceTree = "<group>"; };
		AC29ABF31B6FAA4700B0BCBD /* ExecutionContexts.swift */ = {isa = PBXFileReference; fileEncoding = 4; lastKnownFileType = sourcecode.swift; path = ExecutionContexts.swift; sourceTree = "<group>"; };
		AC35F3241C579F75006A01B2 /* CompletionHandlerTests.swift */ = {isa = PBXFileReference; fileEncoding = 4; lastKnownFileType = sourcecode.swift; path = CompletionHandlerTests.swift; sourceTree = "<group>"; };
		AC474FA41B727C1300B725D7 /* PromiseTests.swift */ = {isa = PBXFileReference; fileEncoding = 4; lastKnownFileType = sourcecode.swift; path = PromiseTests.swift; sourceTree = "<group>"; };
		AC4DB1B61B7285130089F837 /* AsynchronousTests.swift */ = {isa = PBXFileReference; fileEncoding = 4; lastKnownFileType = sourcecode.swift; path = AsynchronousTests.swift; sourceTree = "<group>"; };
		AC7808BB1B6F6DD300D048C6 /* Futuristics.framework */ = {isa = PBXFileReference; explicitFileType = wrapper.framework; includeInIndex = 0; path = Futuristics.framework; sourceTree = BUILT_PRODUCTS_DIR; };
		AC7808BF1B6F6DD300D048C6 /* Info.plist */ = {isa = PBXFileReference; lastKnownFileType = text.plist.xml; path = Info.plist; sourceTree = "<group>"; };
		AC7808C01B6F6DD300D048C6 /* Futuristics.h */ = {isa = PBXFileReference; lastKnownFileType = sourcecode.c.h; path = Futuristics.h; sourceTree = "<group>"; };
		AC7808C61B6F6DD300D048C6 /* FuturisticsTest.xctest */ = {isa = PBXFileReference; explicitFileType = wrapper.cfbundle; includeInIndex = 0; path = FuturisticsTest.xctest; sourceTree = BUILT_PRODUCTS_DIR; };
		AC7808CC1B6F6DD300D048C6 /* Info.plist */ = {isa = PBXFileReference; lastKnownFileType = text.plist.xml; path = Info.plist; sourceTree = "<group>"; };
		ACD6DD531B71056A0040351A /* FutureTests.swift */ = {isa = PBXFileReference; fileEncoding = 4; lastKnownFileType = sourcecode.swift; path = FutureTests.swift; sourceTree = "<group>"; };
		ACF239D61B7225A300774A49 /* FutureCompositionTests.swift */ = {isa = PBXFileReference; fileEncoding = 4; lastKnownFileType = sourcecode.swift; path = FutureCompositionTests.swift; sourceTree = "<group>"; };
		ACF2DD621C16F5CE0049243A /* Futuristics.framework */ = {isa = PBXFileReference; explicitFileType = wrapper.framework; includeInIndex = 0; path = Futuristics.framework; sourceTree = BUILT_PRODUCTS_DIR; };
		BD05C4A21EAC7E4C0072FF38 /* XCTest+Extension.swift */ = {isa = PBXFileReference; fileEncoding = 4; lastKnownFileType = sourcecode.swift; path = "XCTest+Extension.swift"; sourceTree = "<group>"; };
/* End PBXFileReference section */

/* Begin PBXFrameworksBuildPhase section */
		AC7808B71B6F6DD300D048C6 /* Frameworks */ = {
			isa = PBXFrameworksBuildPhase;
			buildActionMask = 2147483647;
			files = (
			);
			runOnlyForDeploymentPostprocessing = 0;
		};
		AC7808C31B6F6DD300D048C6 /* Frameworks */ = {
			isa = PBXFrameworksBuildPhase;
			buildActionMask = 2147483647;
			files = (
				AC7808C71B6F6DD300D048C6 /* Futuristics.framework in Frameworks */,
			);
			runOnlyForDeploymentPostprocessing = 0;
		};
		ACF2DD5E1C16F5CE0049243A /* Frameworks */ = {
			isa = PBXFrameworksBuildPhase;
			buildActionMask = 2147483647;
			files = (
			);
			runOnlyForDeploymentPostprocessing = 0;
		};
/* End PBXFrameworksBuildPhase section */

/* Begin PBXGroup section */
		AC7808B11B6F6DD300D048C6 = {
			isa = PBXGroup;
			children = (
				AC7808BD1B6F6DD300D048C6 /* Source */,
				AC7808CA1B6F6DD300D048C6 /* Tests */,
				AC7808BC1B6F6DD300D048C6 /* Products */,
			);
			sourceTree = "<group>";
		};
		AC7808BC1B6F6DD300D048C6 /* Products */ = {
			isa = PBXGroup;
			children = (
				AC7808BB1B6F6DD300D048C6 /* Futuristics.framework */,
				AC7808C61B6F6DD300D048C6 /* FuturisticsTest.xctest */,
				ACF2DD621C16F5CE0049243A /* Futuristics.framework */,
			);
			name = Products;
			sourceTree = "<group>";
		};
		AC7808BD1B6F6DD300D048C6 /* Source */ = {
			isa = PBXGroup;
			children = (
				AC7808C01B6F6DD300D048C6 /* Futuristics.h */,
				AC160EE01B7252F1002449C8 /* Operators.swift */,
				AC160EDE1B72516B002449C8 /* FunctionComposition.swift */,
				AC29ABF11B6FA84E00B0BCBD /* Future.swift */,
				AC29ABEF1B6FA7C300B0BCBD /* Promise.swift */,
				AC160EDA1B7250F4002449C8 /* FutureComposition.swift */,
				AC29ABF31B6FAA4700B0BCBD /* ExecutionContexts.swift */,
				AC7808BE1B6F6DD300D048C6 /* Supporting Files */,
			);
			path = Source;
			sourceTree = "<group>";
		};
		AC7808BE1B6F6DD300D048C6 /* Supporting Files */ = {
			isa = PBXGroup;
			children = (
				AC7808BF1B6F6DD300D048C6 /* Info.plist */,
			);
			name = "Supporting Files";
			sourceTree = "<group>";
		};
		AC7808CA1B6F6DD300D048C6 /* Tests */ = {
			isa = PBXGroup;
			children = (
				AC160EE21B725A6F002449C8 /* FunctionCompositionTests.swift */,
				ACD6DD531B71056A0040351A /* FutureTests.swift */,
				ACF239D61B7225A300774A49 /* FutureCompositionTests.swift */,
				AC474FA41B727C1300B725D7 /* PromiseTests.swift */,
				AC4DB1B61B7285130089F837 /* AsynchronousTests.swift */,
				AC35F3241C579F75006A01B2 /* CompletionHandlerTests.swift */,
				AC7808CB1B6F6DD300D048C6 /* Supporting Files */,
				BD05C4A21EAC7E4C0072FF38 /* XCTest+Extension.swift */,
			);
			path = Tests;
			sourceTree = "<group>";
		};
		AC7808CB1B6F6DD300D048C6 /* Supporting Files */ = {
			isa = PBXGroup;
			children = (
				AC7808CC1B6F6DD300D048C6 /* Info.plist */,
			);
			name = "Supporting Files";
			sourceTree = "<group>";
		};
/* End PBXGroup section */

/* Begin PBXHeadersBuildPhase section */
		AC7808B81B6F6DD300D048C6 /* Headers */ = {
			isa = PBXHeadersBuildPhase;
			buildActionMask = 2147483647;
			files = (
				AC7808C11B6F6DD300D048C6 /* Futuristics.h in Headers */,
			);
			runOnlyForDeploymentPostprocessing = 0;
		};
		ACF2DD5F1C16F5CE0049243A /* Headers */ = {
			isa = PBXHeadersBuildPhase;
			buildActionMask = 2147483647;
			files = (
				ACF1965B1C2980240028E51A /* Futuristics.h in Headers */,
			);
			runOnlyForDeploymentPostprocessing = 0;
		};
/* End PBXHeadersBuildPhase section */

/* Begin PBXNativeTarget section */
		AC7808BA1B6F6DD300D048C6 /* Futuristics iOS */ = {
			isa = PBXNativeTarget;
			buildConfigurationList = AC7808D11B6F6DD300D048C6 /* Build configuration list for PBXNativeTarget "Futuristics iOS" */;
			buildPhases = (
				AC7808B61B6F6DD300D048C6 /* Sources */,
				AC7808B71B6F6DD300D048C6 /* Frameworks */,
				AC7808B81B6F6DD300D048C6 /* Headers */,
				AC7808B91B6F6DD300D048C6 /* Resources */,
			);
			buildRules = (
			);
			dependencies = (
			);
			name = "Futuristics iOS";
			productName = PromiseME;
			productReference = AC7808BB1B6F6DD300D048C6 /* Futuristics.framework */;
			productType = "com.apple.product-type.framework";
		};
		AC7808C51B6F6DD300D048C6 /* FuturisticsTests iOS */ = {
			isa = PBXNativeTarget;
			buildConfigurationList = AC7808D41B6F6DD300D048C6 /* Build configuration list for PBXNativeTarget "FuturisticsTests iOS" */;
			buildPhases = (
				AC7808C21B6F6DD300D048C6 /* Sources */,
				AC7808C31B6F6DD300D048C6 /* Frameworks */,
				AC7808C41B6F6DD300D048C6 /* Resources */,
			);
			buildRules = (
			);
			dependencies = (
				AC7808C91B6F6DD300D048C6 /* PBXTargetDependency */,
			);
			name = "FuturisticsTests iOS";
			productName = PromiseMETests;
			productReference = AC7808C61B6F6DD300D048C6 /* FuturisticsTest.xctest */;
			productType = "com.apple.product-type.bundle.unit-test";
		};
		ACF2DD611C16F5CE0049243A /* Futuristics watchOS */ = {
			isa = PBXNativeTarget;
			buildConfigurationList = ACF2DD671C16F5CE0049243A /* Build configuration list for PBXNativeTarget "Futuristics watchOS" */;
			buildPhases = (
				ACF2DD5D1C16F5CE0049243A /* Sources */,
				ACF2DD5E1C16F5CE0049243A /* Frameworks */,
				ACF2DD5F1C16F5CE0049243A /* Headers */,
				ACF2DD601C16F5CE0049243A /* Resources */,
			);
			buildRules = (
			);
			dependencies = (
			);
			name = "Futuristics watchOS";
			productName = "Futuristics Watch OS";
			productReference = ACF2DD621C16F5CE0049243A /* Futuristics.framework */;
			productType = "com.apple.product-type.framework";
		};
/* End PBXNativeTarget section */

/* Begin PBXProject section */
		AC7808B21B6F6DD300D048C6 /* Project object */ = {
			isa = PBXProject;
			attributes = {
				LastSwiftUpdateCheck = 0700;
				LastUpgradeCheck = 0810;
				ORGANIZATIONNAME = "Alexander Ney";
				TargetAttributes = {
					AC7808BA1B6F6DD300D048C6 = {
						CreatedOnToolsVersion = 6.4;
						LastSwiftMigration = 0810;
					};
					AC7808C51B6F6DD300D048C6 = {
						CreatedOnToolsVersion = 6.4;
						LastSwiftMigration = 0810;
					};
					ACF2DD611C16F5CE0049243A = {
						CreatedOnToolsVersion = 7.1.1;
					};
				};
			};
			buildConfigurationList = AC7808B51B6F6DD300D048C6 /* Build configuration list for PBXProject "Futuristics" */;
			compatibilityVersion = "Xcode 3.2";
			developmentRegion = English;
			hasScannedForEncodings = 0;
			knownRegions = (
				en,
			);
			mainGroup = AC7808B11B6F6DD300D048C6;
			productRefGroup = AC7808BC1B6F6DD300D048C6 /* Products */;
			projectDirPath = "";
			projectRoot = "";
			targets = (
				AC7808BA1B6F6DD300D048C6 /* Futuristics iOS */,
				AC7808C51B6F6DD300D048C6 /* FuturisticsTests iOS */,
				ACF2DD611C16F5CE0049243A /* Futuristics watchOS */,
			);
		};
/* End PBXProject section */

/* Begin PBXResourcesBuildPhase section */
		AC7808B91B6F6DD300D048C6 /* Resources */ = {
			isa = PBXResourcesBuildPhase;
			buildActionMask = 2147483647;
			files = (
			);
			runOnlyForDeploymentPostprocessing = 0;
		};
		AC7808C41B6F6DD300D048C6 /* Resources */ = {
			isa = PBXResourcesBuildPhase;
			buildActionMask = 2147483647;
			files = (
			);
			runOnlyForDeploymentPostprocessing = 0;
		};
		ACF2DD601C16F5CE0049243A /* Resources */ = {
			isa = PBXResourcesBuildPhase;
			buildActionMask = 2147483647;
			files = (
			);
			runOnlyForDeploymentPostprocessing = 0;
		};
/* End PBXResourcesBuildPhase section */

/* Begin PBXSourcesBuildPhase section */
		AC7808B61B6F6DD300D048C6 /* Sources */ = {
			isa = PBXSourcesBuildPhase;
			buildActionMask = 2147483647;
			files = (
				AC29ABF41B6FAA4700B0BCBD /* ExecutionContexts.swift in Sources */,
				AC160EE11B7252F1002449C8 /* Operators.swift in Sources */,
				AC160EDB1B7250F4002449C8 /* FutureComposition.swift in Sources */,
				AC160EDF1B72516B002449C8 /* FunctionComposition.swift in Sources */,
				AC29ABF21B6FA84E00B0BCBD /* Future.swift in Sources */,
				AC29ABF01B6FA7C300B0BCBD /* Promise.swift in Sources */,
			);
			runOnlyForDeploymentPostprocessing = 0;
		};
		AC7808C21B6F6DD300D048C6 /* Sources */ = {
			isa = PBXSourcesBuildPhase;
			buildActionMask = 2147483647;
			files = (
				AC4DB1B71B7285130089F837 /* AsynchronousTests.swift in Sources */,
				AC35F3251C579F75006A01B2 /* CompletionHandlerTests.swift in Sources */,
				AC474FA51B727C1300B725D7 /* PromiseTests.swift in Sources */,
				BD05C4A41EAC7E7F0072FF38 /* XCTest+Extension.swift in Sources */,
				ACD6DD541B71056A0040351A /* FutureTests.swift in Sources */,
				AC160EE31B725A6F002449C8 /* FunctionCompositionTests.swift in Sources */,
				ACF239D71B7225A300774A49 /* FutureCompositionTests.swift in Sources */,
			);
			runOnlyForDeploymentPostprocessing = 0;
		};
		ACF2DD5D1C16F5CE0049243A /* Sources */ = {
			isa = PBXSourcesBuildPhase;
			buildActionMask = 2147483647;
			files = (
				ACF2DD6D1C16FDD60049243A /* Future.swift in Sources */,
				ACF2DD6C1C16FDD60049243A /* FunctionComposition.swift in Sources */,
				ACF2DD6B1C16FDD60049243A /* Operators.swift in Sources */,
				ACF2DD701C16FDD60049243A /* ExecutionContexts.swift in Sources */,
				ACF2DD6E1C16FDD60049243A /* Promise.swift in Sources */,
				ACF2DD6F1C16FDD60049243A /* FutureComposition.swift in Sources */,
			);
			runOnlyForDeploymentPostprocessing = 0;
		};
/* End PBXSourcesBuildPhase section */

/* Begin PBXTargetDependency section */
		AC7808C91B6F6DD300D048C6 /* PBXTargetDependency */ = {
			isa = PBXTargetDependency;
			target = AC7808BA1B6F6DD300D048C6 /* Futuristics iOS */;
			targetProxy = AC7808C81B6F6DD300D048C6 /* PBXContainerItemProxy */;
		};
/* End PBXTargetDependency section */

/* Begin XCBuildConfiguration section */
		AC7808CF1B6F6DD300D048C6 /* Debug */ = {
			isa = XCBuildConfiguration;
			buildSettings = {
				ALWAYS_SEARCH_USER_PATHS = NO;
				CLANG_CXX_LANGUAGE_STANDARD = "gnu++0x";
				CLANG_CXX_LIBRARY = "libc++";
				CLANG_ENABLE_MODULES = YES;
				CLANG_ENABLE_OBJC_ARC = YES;
				CLANG_WARN_BOOL_CONVERSION = YES;
				CLANG_WARN_CONSTANT_CONVERSION = YES;
				CLANG_WARN_DIRECT_OBJC_ISA_USAGE = YES_ERROR;
				CLANG_WARN_EMPTY_BODY = YES;
				CLANG_WARN_ENUM_CONVERSION = YES;
				CLANG_WARN_INFINITE_RECURSION = YES;
				CLANG_WARN_INT_CONVERSION = YES;
				CLANG_WARN_OBJC_ROOT_CLASS = YES_ERROR;
				CLANG_WARN_SUSPICIOUS_MOVE = YES;
				CLANG_WARN_UNREACHABLE_CODE = YES;
				CLANG_WARN__DUPLICATE_METHOD_MATCH = YES;
				CODE_SIGN_IDENTITY = "iPhone Developer";
				"CODE_SIGN_IDENTITY[sdk=iphoneos*]" = "iPhone Developer";
				COPY_PHASE_STRIP = NO;
				CURRENT_PROJECT_VERSION = 1;
				DEBUG_INFORMATION_FORMAT = "dwarf-with-dsym";
				ENABLE_STRICT_OBJC_MSGSEND = YES;
				ENABLE_TESTABILITY = YES;
				GCC_C_LANGUAGE_STANDARD = gnu99;
				GCC_DYNAMIC_NO_PIC = NO;
				GCC_NO_COMMON_BLOCKS = YES;
				GCC_OPTIMIZATION_LEVEL = 0;
				GCC_PREPROCESSOR_DEFINITIONS = (
					"DEBUG=1",
					"$(inherited)",
				);
				GCC_SYMBOLS_PRIVATE_EXTERN = NO;
				GCC_WARN_64_TO_32_BIT_CONVERSION = YES;
				GCC_WARN_ABOUT_RETURN_TYPE = YES_ERROR;
				GCC_WARN_UNDECLARED_SELECTOR = YES;
				GCC_WARN_UNINITIALIZED_AUTOS = YES_AGGRESSIVE;
				GCC_WARN_UNUSED_FUNCTION = YES;
				GCC_WARN_UNUSED_VARIABLE = YES;
				IPHONEOS_DEPLOYMENT_TARGET = 8.0;
				MTL_ENABLE_DEBUG_INFO = YES;
				ONLY_ACTIVE_ARCH = YES;
				SDKROOT = iphoneos;
				SWIFT_OPTIMIZATION_LEVEL = "-Onone";
				TARGETED_DEVICE_FAMILY = "1,2";
				VERSIONING_SYSTEM = "apple-generic";
				VERSION_INFO_PREFIX = "";
				WATCHOS_DEPLOYMENT_TARGET = 2.0;
			};
			name = Debug;
		};
		AC7808D01B6F6DD300D048C6 /* Release */ = {
			isa = XCBuildConfiguration;
			buildSettings = {
				ALWAYS_SEARCH_USER_PATHS = NO;
				CLANG_CXX_LANGUAGE_STANDARD = "gnu++0x";
				CLANG_CXX_LIBRARY = "libc++";
				CLANG_ENABLE_MODULES = YES;
				CLANG_ENABLE_OBJC_ARC = YES;
				CLANG_WARN_BOOL_CONVERSION = YES;
				CLANG_WARN_CONSTANT_CONVERSION = YES;
				CLANG_WARN_DIRECT_OBJC_ISA_USAGE = YES_ERROR;
				CLANG_WARN_EMPTY_BODY = YES;
				CLANG_WARN_ENUM_CONVERSION = YES;
				CLANG_WARN_INFINITE_RECURSION = YES;
				CLANG_WARN_INT_CONVERSION = YES;
				CLANG_WARN_OBJC_ROOT_CLASS = YES_ERROR;
				CLANG_WARN_SUSPICIOUS_MOVE = YES;
				CLANG_WARN_UNREACHABLE_CODE = YES;
				CLANG_WARN__DUPLICATE_METHOD_MATCH = YES;
				CODE_SIGN_IDENTITY = "iPhone Developer";
				"CODE_SIGN_IDENTITY[sdk=iphoneos*]" = "iPhone Developer";
				COPY_PHASE_STRIP = NO;
				CURRENT_PROJECT_VERSION = 1;
				DEBUG_INFORMATION_FORMAT = "dwarf-with-dsym";
				ENABLE_NS_ASSERTIONS = NO;
				ENABLE_STRICT_OBJC_MSGSEND = YES;
				GCC_C_LANGUAGE_STANDARD = gnu99;
				GCC_NO_COMMON_BLOCKS = YES;
				GCC_WARN_64_TO_32_BIT_CONVERSION = YES;
				GCC_WARN_ABOUT_RETURN_TYPE = YES_ERROR;
				GCC_WARN_UNDECLARED_SELECTOR = YES;
				GCC_WARN_UNINITIALIZED_AUTOS = YES_AGGRESSIVE;
				GCC_WARN_UNUSED_FUNCTION = YES;
				GCC_WARN_UNUSED_VARIABLE = YES;
				IPHONEOS_DEPLOYMENT_TARGET = 8.0;
				MTL_ENABLE_DEBUG_INFO = NO;
				SDKROOT = iphoneos;
				SWIFT_OPTIMIZATION_LEVEL = "-Owholemodule";
				TARGETED_DEVICE_FAMILY = "1,2";
				VALIDATE_PRODUCT = YES;
				VERSIONING_SYSTEM = "apple-generic";
				VERSION_INFO_PREFIX = "";
				WATCHOS_DEPLOYMENT_TARGET = 2.0;
			};
			name = Release;
		};
		AC7808D21B6F6DD300D048C6 /* Debug */ = {
			isa = XCBuildConfiguration;
			buildSettings = {
				APPLICATION_EXTENSION_API_ONLY = YES;
				CLANG_ENABLE_MODULES = YES;
				CODE_SIGN_IDENTITY = "iPhone Developer";
				"CODE_SIGN_IDENTITY[sdk=iphoneos*]" = "";
				DEFINES_MODULE = YES;
				DYLIB_COMPATIBILITY_VERSION = 1;
				DYLIB_CURRENT_VERSION = 1;
				DYLIB_INSTALL_NAME_BASE = "@rpath";
				INFOPLIST_FILE = Source/Info.plist;
				INSTALL_PATH = "$(LOCAL_LIBRARY_DIR)/Frameworks";
				IPHONEOS_DEPLOYMENT_TARGET = 8.0;
				LD_RUNPATH_SEARCH_PATHS = "$(inherited) @executable_path/Frameworks @loader_path/Frameworks";
				PRODUCT_BUNDLE_IDENTIFIER = "com.alexander-ney.Futuristics";
				PRODUCT_NAME = Futuristics;
				SKIP_INSTALL = YES;
				SWIFT_OPTIMIZATION_LEVEL = "-Onone";
				SWIFT_VERSION = 3.0;
				WATCHOS_DEPLOYMENT_TARGET = 2.0;
			};
			name = Debug;
		};
		AC7808D31B6F6DD300D048C6 /* Release */ = {
			isa = XCBuildConfiguration;
			buildSettings = {
				APPLICATION_EXTENSION_API_ONLY = YES;
				CLANG_ENABLE_MODULES = YES;
				CODE_SIGN_IDENTITY = "iPhone Developer";
				"CODE_SIGN_IDENTITY[sdk=iphoneos*]" = "";
				DEFINES_MODULE = YES;
				DYLIB_COMPATIBILITY_VERSION = 1;
				DYLIB_CURRENT_VERSION = 1;
				DYLIB_INSTALL_NAME_BASE = "@rpath";
				INFOPLIST_FILE = Source/Info.plist;
				INSTALL_PATH = "$(LOCAL_LIBRARY_DIR)/Frameworks";
				IPHONEOS_DEPLOYMENT_TARGET = 8.0;
				LD_RUNPATH_SEARCH_PATHS = "$(inherited) @executable_path/Frameworks @loader_path/Frameworks";
				PRODUCT_BUNDLE_IDENTIFIER = "com.alexander-ney.Futuristics";
				PRODUCT_NAME = Futuristics;
				SKIP_INSTALL = YES;
				SWIFT_VERSION = 3.0;
				WATCHOS_DEPLOYMENT_TARGET = 2.0;
			};
			name = Release;
		};
		AC7808D51B6F6DD300D048C6 /* Debug */ = {
			isa = XCBuildConfiguration;
			buildSettings = {
				FRAMEWORK_SEARCH_PATHS = (
					"$(SDKROOT)/Developer/Library/Frameworks",
					"$(inherited)",
				);
				GCC_PREPROCESSOR_DEFINITIONS = (
					"DEBUG=1",
					"$(inherited)",
				);
				INFOPLIST_FILE = Tests/Info.plist;
				IPHONEOS_DEPLOYMENT_TARGET = 8.0;
				LD_RUNPATH_SEARCH_PATHS = "$(inherited) @executable_path/Frameworks @loader_path/Frameworks";
				PRODUCT_BUNDLE_IDENTIFIER = "com.alexander-ney.$(PRODUCT_NAME:rfc1034identifier)";
				PRODUCT_NAME = FuturisticsTest;
				SUPPORTED_PLATFORMS = "iphonesimulator iphoneos";
				SWIFT_VERSION = 3.0;
				WATCHOS_DEPLOYMENT_TARGET = 2.0;
			};
			name = Debug;
		};
		AC7808D61B6F6DD300D048C6 /* Release */ = {
			isa = XCBuildConfiguration;
			buildSettings = {
				FRAMEWORK_SEARCH_PATHS = (
					"$(SDKROOT)/Developer/Library/Frameworks",
					"$(inherited)",
				);
				INFOPLIST_FILE = Tests/Info.plist;
				IPHONEOS_DEPLOYMENT_TARGET = 8.0;
				LD_RUNPATH_SEARCH_PATHS = "$(inherited) @executable_path/Frameworks @loader_path/Frameworks";
				PRODUCT_BUNDLE_IDENTIFIER = "com.alexander-ney.$(PRODUCT_NAME:rfc1034identifier)";
				PRODUCT_NAME = FuturisticsTest;
				SUPPORTED_PLATFORMS = "iphonesimulator iphoneos";
				SWIFT_VERSION = 3.0;
				WATCHOS_DEPLOYMENT_TARGET = 2.0;
			};
			name = Release;
		};
		ACF2DD681C16F5CE0049243A /* Debug */ = {
			isa = XCBuildConfiguration;
			buildSettings = {
				APPLICATION_EXTENSION_API_ONLY = YES;
				"CODE_SIGN_IDENTITY[sdk=watchos*]" = "";
				"CODE_SIGN_IDENTITY[sdk=watchsimulator*]" = "";
				DEBUG_INFORMATION_FORMAT = dwarf;
				DEFINES_MODULE = YES;
				DYLIB_COMPATIBILITY_VERSION = 1;
				DYLIB_CURRENT_VERSION = 1;
				DYLIB_INSTALL_NAME_BASE = "@rpath";
				INFOPLIST_FILE = Source/Info.plist;
				INSTALL_PATH = "$(LOCAL_LIBRARY_DIR)/Frameworks";
				LD_RUNPATH_SEARCH_PATHS = "$(inherited) @executable_path/Frameworks @loader_path/Frameworks";
				PRODUCT_BUNDLE_IDENTIFIER = "com.alexander-ney.Futuristics";
				PRODUCT_NAME = Futuristics;
				SDKROOT = watchos;
				SKIP_INSTALL = YES;
				TARGETED_DEVICE_FAMILY = 4;
				WATCHOS_DEPLOYMENT_TARGET = 2.0;
			};
			name = Debug;
		};
		ACF2DD691C16F5CE0049243A /* Release */ = {
			isa = XCBuildConfiguration;
			buildSettings = {
				APPLICATION_EXTENSION_API_ONLY = YES;
				"CODE_SIGN_IDENTITY[sdk=watchos*]" = "";
				"CODE_SIGN_IDENTITY[sdk=watchsimulator2.0]" = "";
				DEFINES_MODULE = YES;
				DYLIB_COMPATIBILITY_VERSION = 1;
				DYLIB_CURRENT_VERSION = 1;
				DYLIB_INSTALL_NAME_BASE = "@rpath";
				INFOPLIST_FILE = Source/Info.plist;
				INSTALL_PATH = "$(LOCAL_LIBRARY_DIR)/Frameworks";
				LD_RUNPATH_SEARCH_PATHS = "$(inherited) @executable_path/Frameworks @loader_path/Frameworks";
				PRODUCT_BUNDLE_IDENTIFIER = "com.alexander-ney.Futuristics";
				PRODUCT_NAME = Futuristics;
				SDKROOT = watchos;
				SKIP_INSTALL = YES;
				TARGETED_DEVICE_FAMILY = 4;
				WATCHOS_DEPLOYMENT_TARGET = 2.0;
			};
			name = Release;
		};
/* End XCBuildConfiguration section */

/* Begin XCConfigurationList section */
		AC7808B51B6F6DD300D048C6 /* Build configuration list for PBXProject "Futuristics" */ = {
			isa = XCConfigurationList;
			buildConfigurations = (
				AC7808CF1B6F6DD300D048C6 /* Debug */,
				AC7808D01B6F6DD300D048C6 /* Release */,
			);
			defaultConfigurationIsVisible = 0;
			defaultConfigurationName = Release;
		};
		AC7808D11B6F6DD300D048C6 /* Build configuration list for PBXNativeTarget "Futuristics iOS" */ = {
			isa = XCConfigurationList;
			buildConfigurations = (
				AC7808D21B6F6DD300D048C6 /* Debug */,
				AC7808D31B6F6DD300D048C6 /* Release */,
			);
			defaultConfigurationIsVisible = 0;
			defaultConfigurationName = Release;
		};
		AC7808D41B6F6DD300D048C6 /* Build configuration list for PBXNativeTarget "FuturisticsTests iOS" */ = {
			isa = XCConfigurationList;
			buildConfigurations = (
				AC7808D51B6F6DD300D048C6 /* Debug */,
				AC7808D61B6F6DD300D048C6 /* Release */,
			);
			defaultConfigurationIsVisible = 0;
			defaultConfigurationName = Release;
		};
		ACF2DD671C16F5CE0049243A /* Build configuration list for PBXNativeTarget "Futuristics watchOS" */ = {
			isa = XCConfigurationList;
			buildConfigurations = (
				ACF2DD681C16F5CE0049243A /* Debug */,
				ACF2DD691C16F5CE0049243A /* Release */,
			);
			defaultConfigurationIsVisible = 0;
			defaultConfigurationName = Release;
		};
/* End XCConfigurationList section */
	};
	rootObject = AC7808B21B6F6DD300D048C6 /* Project object */;
}
